
Microsoft Visual Studio Solution File, Format Version 12.00
# Visual Studio 15
VisualStudioVersion = 15.0.28010.2050
MinimumVisualStudioVersion = 10.0.40219.1
Project("{FAE04EC0-301F-11D3-BF4B-00C04F79EFBC}") = "QuestScriptParser", "QuestScriptParser\QuestScriptParser.csproj", "{FD572318-2A39-48B7-BD54-702BD7C39871}"
EndProject
Project("{FAE04EC0-301F-11D3-BF4B-00C04F79EFBC}") = "QuestScript.Tests", "QuestScript.Tests\QuestScript.Tests.csproj", "{0A5F536F-17C8-4E93-96AD-2A43871748BC}"
EndProject
Global
	GlobalSection(SolutionConfigurationPlatforms) = preSolution
		Debug|Any CPU = Debug|Any CPU
		Release|Any CPU = Release|Any CPU
	EndGlobalSection
	GlobalSection(ProjectConfigurationPlatforms) = postSolution
		{FD572318-2A39-48B7-BD54-702BD7C39871}.Debug|Any CPU.ActiveCfg = Debug|Any CPU
		{FD572318-2A39-48B7-BD54-702BD7C39871}.Debug|Any CPU.Build.0 = Debug|Any CPU
		{FD572318-2A39-48B7-BD54-702BD7C39871}.Release|Any CPU.ActiveCfg = Release|Any CPU
		{FD572318-2A39-48B7-BD54-702BD7C39871}.Release|Any CPU.Build.0 = Release|Any CPU
		{0A5F536F-17C8-4E93-96AD-2A43871748BC}.Debug|Any CPU.ActiveCfg = Debug|Any CPU
		{0A5F536F-17C8-4E93-96AD-2A43871748BC}.Debug|Any CPU.Build.0 = Debug|Any CPU
		{0A5F536F-17C8-4E93-96AD-2A43871748BC}.Release|Any CPU.ActiveCfg = Release|Any CPU
		{0A5F536F-17C8-4E93-96AD-2A43871748BC}.Release|Any CPU.Build.0 = Release|Any CPU
	EndGlobalSection
	GlobalSection(SolutionProperties) = preSolution
		HideSolutionNode = FALSE
	EndGlobalSection
	GlobalSection(ExtensibilityGlobals) = postSolution
		SolutionGuid = {8F530B77-4F87-4F61-A89F-6DFC95DB1763}
	EndGlobalSection
EndGlobal
