
Microsoft Visual Studio Solution File, Format Version 12.00
# Visual Studio 15
VisualStudioVersion = 15.0.28010.2050
MinimumVisualStudioVersion = 10.0.40219.1
Project("{FAE04EC0-301F-11D3-BF4B-00C04F79EFBC}") = "QuestScript.Parser", "QuestScript.Parser\QuestScript.Parser.csproj", "{0D832CCB-3975-44BA-8DC9-B1D4EF16B68F}"
EndProject
Project("{FAE04EC0-301F-11D3-BF4B-00C04F79EFBC}") = "QuestScript.Tryouts", "QuestScript.Tryouts\QuestScript.Tryouts.csproj", "{BD4258CC-79FE-485D-8BB8-CAD572F18EDE}"
EndProject
Project("{FAE04EC0-301F-11D3-BF4B-00C04F79EFBC}") = "QuestScript.Interpreter", "QuestScript.Interpreter\QuestScript.Interpreter.csproj", "{8FAFB5E8-6127-452F-ADBF-0BE0C69BFFCC}"
EndProject
Global
	GlobalSection(SolutionConfigurationPlatforms) = preSolution
		Debug|Any CPU = Debug|Any CPU
		Release|Any CPU = Release|Any CPU
	EndGlobalSection
	GlobalSection(ProjectConfigurationPlatforms) = postSolution
		{0D832CCB-3975-44BA-8DC9-B1D4EF16B68F}.Debug|Any CPU.ActiveCfg = Debug|Any CPU
		{0D832CCB-3975-44BA-8DC9-B1D4EF16B68F}.Debug|Any CPU.Build.0 = Debug|Any CPU
		{0D832CCB-3975-44BA-8DC9-B1D4EF16B68F}.Release|Any CPU.ActiveCfg = Release|Any CPU
		{0D832CCB-3975-44BA-8DC9-B1D4EF16B68F}.Release|Any CPU.Build.0 = Release|Any CPU
		{BD4258CC-79FE-485D-8BB8-CAD572F18EDE}.Debug|Any CPU.ActiveCfg = Debug|Any CPU
		{BD4258CC-79FE-485D-8BB8-CAD572F18EDE}.Debug|Any CPU.Build.0 = Debug|Any CPU
		{BD4258CC-79FE-485D-8BB8-CAD572F18EDE}.Release|Any CPU.ActiveCfg = Release|Any CPU
		{BD4258CC-79FE-485D-8BB8-CAD572F18EDE}.Release|Any CPU.Build.0 = Release|Any CPU
		{8FAFB5E8-6127-452F-ADBF-0BE0C69BFFCC}.Debug|Any CPU.ActiveCfg = Debug|Any CPU
		{8FAFB5E8-6127-452F-ADBF-0BE0C69BFFCC}.Debug|Any CPU.Build.0 = Debug|Any CPU
		{8FAFB5E8-6127-452F-ADBF-0BE0C69BFFCC}.Release|Any CPU.ActiveCfg = Release|Any CPU
		{8FAFB5E8-6127-452F-ADBF-0BE0C69BFFCC}.Release|Any CPU.Build.0 = Release|Any CPU
	EndGlobalSection
	GlobalSection(SolutionProperties) = preSolution
		HideSolutionNode = FALSE
	EndGlobalSection
	GlobalSection(ExtensibilityGlobals) = postSolution
		SolutionGuid = {7ED5992A-93D4-4217-B221-E33D6AC404EF}
	EndGlobalSection
EndGlobal
